
Microsoft Visual Studio Solution File, Format Version 12.00
# Visual Studio Version 17
VisualStudioVersion = 17.1.32319.34
MinimumVisualStudioVersion = 10.0.40219.1
Project("{FAE04EC0-301F-11D3-BF4B-00C04F79EFBC}") = "BlogLab.Web", "BlogLab.Web\BlogLab.Web.csproj", "{74114D9B-8E59-4EBE-957C-BD6522CDCE7E}"
EndProject
Global
	GlobalSection(SolutionConfigurationPlatforms) = preSolution
		Debug|Any CPU = Debug|Any CPU
		Release|Any CPU = Release|Any CPU
	EndGlobalSection
	GlobalSection(ProjectConfigurationPlatforms) = postSolution
		{74114D9B-8E59-4EBE-957C-BD6522CDCE7E}.Debug|Any CPU.ActiveCfg = Debug|Any CPU
		{74114D9B-8E59-4EBE-957C-BD6522CDCE7E}.Debug|Any CPU.Build.0 = Debug|Any CPU
		{74114D9B-8E59-4EBE-957C-BD6522CDCE7E}.Release|Any CPU.ActiveCfg = Release|Any CPU
		{74114D9B-8E59-4EBE-957C-BD6522CDCE7E}.Release|Any CPU.Build.0 = Release|Any CPU
	EndGlobalSection
	GlobalSection(SolutionProperties) = preSolution
		HideSolutionNode = FALSE
	EndGlobalSection
	GlobalSection(ExtensibilityGlobals) = postSolution
		SolutionGuid = {953C45BD-5789-4844-B4C7-2FA1E918B5B2}
	EndGlobalSection
EndGlobal
